
Microsoft Visual Studio Solution File, Format Version 12.00
# Visual Studio Version 17
VisualStudioVersion = 17.9.34701.34
MinimumVisualStudioVersion = 10.0.40219.1
Project("{FAE04EC0-301F-11D3-BF4B-00C04F79EFBC}") = "Listbox Lookup", "Listbox Lookup\Listbox Lookup.csproj", "{46972816-3DC8-4F2F-9699-CE0B613CF15C}"
EndProject
Global
	GlobalSection(SolutionConfigurationPlatforms) = preSolution
		Debug|Any CPU = Debug|Any CPU
		Release|Any CPU = Release|Any CPU
	EndGlobalSection
	GlobalSection(ProjectConfigurationPlatforms) = postSolution
		{46972816-3DC8-4F2F-9699-CE0B613CF15C}.Debug|Any CPU.ActiveCfg = Debug|Any CPU
		{46972816-3DC8-4F2F-9699-CE0B613CF15C}.Debug|Any CPU.Build.0 = Debug|Any CPU
		{46972816-3DC8-4F2F-9699-CE0B613CF15C}.Release|Any CPU.ActiveCfg = Release|Any CPU
		{46972816-3DC8-4F2F-9699-CE0B613CF15C}.Release|Any CPU.Build.0 = Release|Any CPU
	EndGlobalSection
	GlobalSection(SolutionProperties) = preSolution
		HideSolutionNode = FALSE
	EndGlobalSection
	GlobalSection(ExtensibilityGlobals) = postSolution
		SolutionGuid = {D3E775A6-0EB9-4981-8C1F-C36FD0DD9274}
	EndGlobalSection
EndGlobal
